
Microsoft Visual Studio Solution File, Format Version 12.00
# Visual Studio Version 16
VisualStudioVersion = 16.0.29609.76
MinimumVisualStudioVersion = 10.0.40219.1
Project("{FAE04EC0-301F-11D3-BF4B-00C04F79EFBC}") = "store-management", "store-management.csproj", "{8CF3A0A6-CE63-4464-913D-A4A913298A71}"
EndProject
Global
	GlobalSection(SolutionConfigurationPlatforms) = preSolution
		Debug|Any CPU = Debug|Any CPU
		Release|Any CPU = Release|Any CPU
	EndGlobalSection
	GlobalSection(ProjectConfigurationPlatforms) = postSolution
		{8CF3A0A6-CE63-4464-913D-A4A913298A71}.Debug|Any CPU.ActiveCfg = Debug|Any CPU
		{8CF3A0A6-CE63-4464-913D-A4A913298A71}.Debug|Any CPU.Build.0 = Debug|Any CPU
		{8CF3A0A6-CE63-4464-913D-A4A913298A71}.Release|Any CPU.ActiveCfg = Release|Any CPU
		{8CF3A0A6-CE63-4464-913D-A4A913298A71}.Release|Any CPU.Build.0 = Release|Any CPU
	EndGlobalSection
	GlobalSection(SolutionProperties) = preSolution
		HideSolutionNode = FALSE
	EndGlobalSection
	GlobalSection(ExtensibilityGlobals) = postSolution
		SolutionGuid = {C8CAFD68-1BB2-4EF9-AC68-017786FBC644}
	EndGlobalSection
EndGlobal
